{
	"name": "whoiser",
	"version": "2.0.0-beta.6",
	"lockfileVersion": 3,
	"requires": true,
	"packages": {
		"": {
			"name": "whoiser",
			"version": "2.0.0-beta.6",
			"license": "MIT",
			"dependencies": {
				"punycode-esm": "^1.0.15"
			},
			"devDependencies": {
				"@types/node": "^22.10.2",
				"prettier": "^3.5.3",
				"typescript": "^5.7.2"
			}
		},
		"node_modules/@types/node": {
			"version": "22.17.1",
			"resolved": "https://registry.npmjs.org/@types/node/-/node-22.17.1.tgz",
			"integrity": "sha512-y3tBaz+rjspDTylNjAX37jEC3TETEFGNJL6uQDxwF9/8GLLIjW1rvVHlynyuUKMnMr1Roq8jOv3vkopBjC4/VA==",
			"dev": true,
			"license": "MIT",
			"dependencies": {
				"undici-types": "~6.21.0"
			}
		},
		"node_modules/prettier": {
			"version": "3.6.2",
			"resolved": "https://registry.npmjs.org/prettier/-/prettier-3.6.2.tgz",
			"integrity": "sha512-I7AIg5boAr5R0FFtJ6rCfD+LFsWHp81dolrFD8S79U9tb8Az2nGrJncnMSnys+bpQJfRUzqs9hnA81OAA3hCuQ==",
			"dev": true,
			"license": "MIT",
			"bin": {
				"prettier": "bin/prettier.cjs"
			},
			"engines": {
				"node": ">=14"
			},
			"funding": {
				"url": "https://github.com/prettier/prettier?sponsor=1"
			}
		},
		"node_modules/punycode-esm": {
			"version": "1.0.15",
			"resolved": "https://registry.npmjs.org/punycode-esm/-/punycode-esm-1.0.15.tgz",
			"integrity": "sha512-pR7pzaunGU4g3v3vMIXD9WnrGUiEBs2ezcVYr9piTC/HVem9F+MJ+JNdSeYD9pK7EumLMUMO9F3Gsa3RS+o7pA==",
			"license": "MIT",
			"engines": {
				"node": ">=20"
			}
		},
		"node_modules/typescript": {
			"version": "5.9.2",
			"resolved": "https://registry.npmjs.org/typescript/-/typescript-5.9.2.tgz",
			"integrity": "sha512-CWBzXQrc/qOkhidw1OzBTQuYRbfyxDXJMVJ1XNwUHGROVmuaeiEm3OslpZ1RV96d7SKKjZKrSJu3+t/xlw3R9A==",
			"dev": true,
			"license": "Apache-2.0",
			"bin": {
				"tsc": "bin/tsc",
				"tsserver": "bin/tsserver"
			},
			"engines": {
				"node": ">=14.17"
			}
		},
		"node_modules/undici-types": {
			"version": "6.21.0",
			"resolved": "https://registry.npmjs.org/undici-types/-/undici-types-6.21.0.tgz",
			"integrity": "sha512-iwDZqg0QAGrg9Rav5H4n0M64c3mkR59cJ6wQp+7C4nI0gsmExaedaYLNO44eT4AtBBwjbTiGPMlt2Md0T9H9JQ==",
			"dev": true,
			"license": "MIT"
		}
	}
}
