{
	"name": "whoiser",
	"version": "2.0.0-beta.9",
	"lockfileVersion": 3,
	"requires": true,
	"packages": {
		"": {
			"name": "whoiser",
			"version": "2.0.0-beta.9",
			"license": "MIT",
			"dependencies": {
				"punycode-esm": "^1.0.15"
			},
			"devDependencies": {
				"@types/node": "^24.2.1",
				"prettier": "^3.5.3",
				"typescript": "^5.7.2"
			}
		},
		"node_modules/@types/node": {
			"version": "24.7.2",
			"resolved": "https://registry.npmjs.org/@types/node/-/node-24.7.2.tgz",
			"integrity": "sha512-/NbVmcGTP+lj5oa4yiYxxeBjRivKQ5Ns1eSZeB99ExsEQ6rX5XYU1Zy/gGxY/ilqtD4Etx9mKyrPxZRetiahhA==",
			"dev": true,
			"license": "MIT",
			"dependencies": {
				"undici-types": "~7.14.0"
			}
		},
		"node_modules/prettier": {
			"version": "3.6.2",
			"resolved": "https://registry.npmjs.org/prettier/-/prettier-3.6.2.tgz",
			"integrity": "sha512-I7AIg5boAr5R0FFtJ6rCfD+LFsWHp81dolrFD8S79U9tb8Az2nGrJncnMSnys+bpQJfRUzqs9hnA81OAA3hCuQ==",
			"dev": true,
			"license": "MIT",
			"bin": {
				"prettier": "bin/prettier.cjs"
			},
			"engines": {
				"node": ">=14"
			},
			"funding": {
				"url": "https://github.com/prettier/prettier?sponsor=1"
			}
		},
		"node_modules/punycode-esm": {
			"version": "1.0.15",
			"resolved": "https://registry.npmjs.org/punycode-esm/-/punycode-esm-1.0.15.tgz",
			"integrity": "sha512-pR7pzaunGU4g3v3vMIXD9WnrGUiEBs2ezcVYr9piTC/HVem9F+MJ+JNdSeYD9pK7EumLMUMO9F3Gsa3RS+o7pA==",
			"license": "MIT",
			"engines": {
				"node": ">=20"
			}
		},
		"node_modules/typescript": {
			"version": "5.9.3",
			"resolved": "https://registry.npmjs.org/typescript/-/typescript-5.9.3.tgz",
			"integrity": "sha512-jl1vZzPDinLr9eUt3J/t7V6FgNEw9QjvBPdysz9KfQDD41fQrC2Y4vKQdiaUpFT4bXlb1RHhLpp8wtm6M5TgSw==",
			"dev": true,
			"license": "Apache-2.0",
			"bin": {
				"tsc": "bin/tsc",
				"tsserver": "bin/tsserver"
			},
			"engines": {
				"node": ">=14.17"
			}
		},
		"node_modules/undici-types": {
			"version": "7.14.0",
			"resolved": "https://registry.npmjs.org/undici-types/-/undici-types-7.14.0.tgz",
			"integrity": "sha512-QQiYxHuyZ9gQUIrmPo3IA+hUl4KYk8uSA7cHrcKd/l3p1OTpZcM0Tbp9x7FAtXdAYhlasd60ncPpgu6ihG6TOA==",
			"dev": true,
			"license": "MIT"
		}
	}
}
